
Microsoft Visual Studio Solution File, Format Version 12.00
# Visual Studio 2013
VisualStudioVersion = 12.0.20617.1 PREVIEW
MinimumVisualStudioVersion = 10.0.40219.1
Project("{FAE04EC0-301F-11D3-BF4B-00C04F79EFBC}") = "DoodleThings", "DoodleThings\DoodleThings.csproj", "{35EB1094-D3FA-487E-AEC9-CF2F33C3FB9D}"
EndProject
Project("{FAE04EC0-301F-11D3-BF4B-00C04F79EFBC}") = "DoodleThings.UnitTests", "DoodleThings.UnitTests\DoodleThings.UnitTests.csproj", "{A7150FC0-741D-4961-954B-87D735413E76}"
EndProject
Project("{2150E333-8FDC-42A3-9474-1A3956D46DE8}") = "Solution Items", "Solution Items", "{E74164EF-5BAE-4B4C-A0B4-F60A67EB8EFD}"
	ProjectSection(SolutionItems) = preProject
		.gitignore = .gitignore
	EndProjectSection
EndProject
Project("{2150E333-8FDC-42A3-9474-1A3956D46DE8}") = ".nuget", ".nuget", "{DC734CBE-BC73-495B-9674-A16390D915F3}"
	ProjectSection(SolutionItems) = preProject
		.nuget\NuGet.Config = .nuget\NuGet.Config
		.nuget\NuGet.exe = .nuget\NuGet.exe
		.nuget\NuGet.targets = .nuget\NuGet.targets
	EndProjectSection
EndProject
Global
	GlobalSection(SolutionConfigurationPlatforms) = preSolution
		Debug|Any CPU = Debug|Any CPU
		Release|Any CPU = Release|Any CPU
	EndGlobalSection
	GlobalSection(ProjectConfigurationPlatforms) = postSolution
		{35EB1094-D3FA-487E-AEC9-CF2F33C3FB9D}.Debug|Any CPU.ActiveCfg = Debug|Any CPU
		{35EB1094-D3FA-487E-AEC9-CF2F33C3FB9D}.Debug|Any CPU.Build.0 = Debug|Any CPU
		{35EB1094-D3FA-487E-AEC9-CF2F33C3FB9D}.Release|Any CPU.ActiveCfg = Release|Any CPU
		{35EB1094-D3FA-487E-AEC9-CF2F33C3FB9D}.Release|Any CPU.Build.0 = Release|Any CPU
		{A7150FC0-741D-4961-954B-87D735413E76}.Debug|Any CPU.ActiveCfg = Debug|Any CPU
		{A7150FC0-741D-4961-954B-87D735413E76}.Debug|Any CPU.Build.0 = Debug|Any CPU
		{A7150FC0-741D-4961-954B-87D735413E76}.Release|Any CPU.ActiveCfg = Release|Any CPU
		{A7150FC0-741D-4961-954B-87D735413E76}.Release|Any CPU.Build.0 = Release|Any CPU
	EndGlobalSection
	GlobalSection(SolutionProperties) = preSolution
		HideSolutionNode = FALSE
	EndGlobalSection
EndGlobal
